{
  "name": "learn-v2",
  "lockfileVersion": 3,
  "requires": true,
  "packages": {
    "": {
      "name": "learn-v2",
      "dependencies": {
        "marked": "16.4.1",
        "zod": "4.1.12"
      }
    },
    "node_modules/marked": {
      "version": "16.4.1",
      "resolved": "https://registry.npmjs.org/marked/-/marked-16.4.1.tgz",
      "integrity": "sha512-ntROs7RaN3EvWfy3EZi14H4YxmT6A5YvywfhO+0pm+cH/dnSQRmdAmoFIc3B9aiwTehyk7pESH4ofyBY+V5hZg==",
      "license": "MIT",
      "bin": {
        "marked": "bin/marked.js"
      },
      "engines": {
        "node": ">= 20"
      }
    },
    "node_modules/zod": {
      "version": "4.1.12",
      "resolved": "https://registry.npmjs.org/zod/-/zod-4.1.12.tgz",
      "integrity": "sha512-JInaHOamG8pt5+Ey8kGmdcAcg3OL9reK8ltczgHTAwNhMys/6ThXHityHxVV2p3fkw/c+MAvBHFVYHFZDmjMCQ==",
      "license": "MIT",
      "funding": {
        "url": "https://github.com/sponsors/colinhacks"
      }
    }
  }
}
